
Microsoft Visual Studio Solution File, Format Version 12.00
# Visual Studio Version 16
VisualStudioVersion = 16.0.30011.22
MinimumVisualStudioVersion = 10.0.40219.1
Project("{9A19103F-16F7-4668-BE54-9A1E7A4F7556}") = "Trader.VolumeSpike", "Trader.VolumeSpike\Trader.VolumeSpike.csproj", "{7F7D3AD7-141F-48EB-8815-15EC0CFDE6EE}"
EndProject
Project("{E53339B2-1760-4266-BCC7-CA923CBCF16C}") = "docker-compose", "docker-compose.dcproj", "{7F8ACEE8-3C04-4EC0-BC79-5FA88CD718F8}"
EndProject
Global
	GlobalSection(SolutionConfigurationPlatforms) = preSolution
		CentOS|Any CPU = CentOS|Any CPU
		Debug|Any CPU = Debug|Any CPU
		Docker|Any CPU = Docker|Any CPU
		Release|Any CPU = Release|Any CPU
		Staging|Any CPU = Staging|Any CPU
	EndGlobalSection
	GlobalSection(ProjectConfigurationPlatforms) = postSolution
		{7F7D3AD7-141F-48EB-8815-15EC0CFDE6EE}.CentOS|Any CPU.ActiveCfg = CentOS|Any CPU
		{7F7D3AD7-141F-48EB-8815-15EC0CFDE6EE}.CentOS|Any CPU.Build.0 = CentOS|Any CPU
		{7F7D3AD7-141F-48EB-8815-15EC0CFDE6EE}.Debug|Any CPU.ActiveCfg = Debug|Any CPU
		{7F7D3AD7-141F-48EB-8815-15EC0CFDE6EE}.Debug|Any CPU.Build.0 = Debug|Any CPU
		{7F7D3AD7-141F-48EB-8815-15EC0CFDE6EE}.Docker|Any CPU.ActiveCfg = Docker|Any CPU
		{7F7D3AD7-141F-48EB-8815-15EC0CFDE6EE}.Docker|Any CPU.Build.0 = Docker|Any CPU
		{7F7D3AD7-141F-48EB-8815-15EC0CFDE6EE}.Release|Any CPU.ActiveCfg = Release|Any CPU
		{7F7D3AD7-141F-48EB-8815-15EC0CFDE6EE}.Release|Any CPU.Build.0 = Release|Any CPU
		{7F7D3AD7-141F-48EB-8815-15EC0CFDE6EE}.Staging|Any CPU.ActiveCfg = Staging|Any CPU
		{7F7D3AD7-141F-48EB-8815-15EC0CFDE6EE}.Staging|Any CPU.Build.0 = Staging|Any CPU
		{7F8ACEE8-3C04-4EC0-BC79-5FA88CD718F8}.CentOS|Any CPU.ActiveCfg = CentOS|Any CPU
		{7F8ACEE8-3C04-4EC0-BC79-5FA88CD718F8}.CentOS|Any CPU.Build.0 = CentOS|Any CPU
		{7F8ACEE8-3C04-4EC0-BC79-5FA88CD718F8}.Debug|Any CPU.ActiveCfg = Debug|Any CPU
		{7F8ACEE8-3C04-4EC0-BC79-5FA88CD718F8}.Debug|Any CPU.Build.0 = Debug|Any CPU
		{7F8ACEE8-3C04-4EC0-BC79-5FA88CD718F8}.Docker|Any CPU.ActiveCfg = Docker|Any CPU
		{7F8ACEE8-3C04-4EC0-BC79-5FA88CD718F8}.Docker|Any CPU.Build.0 = Docker|Any CPU
		{7F8ACEE8-3C04-4EC0-BC79-5FA88CD718F8}.Release|Any CPU.ActiveCfg = Release|Any CPU
		{7F8ACEE8-3C04-4EC0-BC79-5FA88CD718F8}.Release|Any CPU.Build.0 = Release|Any CPU
		{7F8ACEE8-3C04-4EC0-BC79-5FA88CD718F8}.Staging|Any CPU.ActiveCfg = Debug|Any CPU
		{7F8ACEE8-3C04-4EC0-BC79-5FA88CD718F8}.Staging|Any CPU.Build.0 = Debug|Any CPU
	EndGlobalSection
	GlobalSection(SolutionProperties) = preSolution
		HideSolutionNode = FALSE
	EndGlobalSection
	GlobalSection(ExtensibilityGlobals) = postSolution
		SolutionGuid = {AF2662CC-E12B-4757-8092-DADA1052D654}
	EndGlobalSection
EndGlobal
